
Microsoft Visual Studio Solution File, Format Version 12.00
# Visual Studio Version 16
VisualStudioVersion = 16.0.29728.190
MinimumVisualStudioVersion = 10.0.40219.1
Project("{FAE04EC0-301F-11D3-BF4B-00C04F79EFBC}") = "BDDAutotests", "BDDAutotests\BDDAutotests.csproj", "{B60F002A-7107-4A79-A2E0-B1DAD7C32B9C}"
EndProject
Global
	GlobalSection(SolutionConfigurationPlatforms) = preSolution
		Debug|Any CPU = Debug|Any CPU
		Release|Any CPU = Release|Any CPU
	EndGlobalSection
	GlobalSection(ProjectConfigurationPlatforms) = postSolution
		{B60F002A-7107-4A79-A2E0-B1DAD7C32B9C}.Debug|Any CPU.ActiveCfg = Debug|Any CPU
		{B60F002A-7107-4A79-A2E0-B1DAD7C32B9C}.Debug|Any CPU.Build.0 = Debug|Any CPU
		{B60F002A-7107-4A79-A2E0-B1DAD7C32B9C}.Release|Any CPU.ActiveCfg = Release|Any CPU
		{B60F002A-7107-4A79-A2E0-B1DAD7C32B9C}.Release|Any CPU.Build.0 = Release|Any CPU
	EndGlobalSection
	GlobalSection(SolutionProperties) = preSolution
		HideSolutionNode = FALSE
	EndGlobalSection
	GlobalSection(ExtensibilityGlobals) = postSolution
		SolutionGuid = {56FC8837-C849-4246-8A7B-3446C2D58E0D}
	EndGlobalSection
EndGlobal
